
Microsoft Visual Studio Solution File, Format Version 12.00
# Visual Studio Version 17
VisualStudioVersion = 17.2.32616.157
MinimumVisualStudioVersion = 10.0.40219.1
Project("{FAE04EC0-301F-11D3-BF4B-00C04F79EFBC}") = "Drone Track.er", "Drone Track.er\Drone Track.er.csproj", "{F2C3BB29-4911-4F73-852E-E157D8ECAF22}"
EndProject
Global
	GlobalSection(SolutionConfigurationPlatforms) = preSolution
		Debug|Any CPU = Debug|Any CPU
		Release|Any CPU = Release|Any CPU
	EndGlobalSection
	GlobalSection(ProjectConfigurationPlatforms) = postSolution
		{F2C3BB29-4911-4F73-852E-E157D8ECAF22}.Debug|Any CPU.ActiveCfg = Debug|Any CPU
		{F2C3BB29-4911-4F73-852E-E157D8ECAF22}.Debug|Any CPU.Build.0 = Debug|Any CPU
		{F2C3BB29-4911-4F73-852E-E157D8ECAF22}.Release|Any CPU.ActiveCfg = Release|Any CPU
		{F2C3BB29-4911-4F73-852E-E157D8ECAF22}.Release|Any CPU.Build.0 = Release|Any CPU
	EndGlobalSection
	GlobalSection(SolutionProperties) = preSolution
		HideSolutionNode = FALSE
	EndGlobalSection
	GlobalSection(ExtensibilityGlobals) = postSolution
		SolutionGuid = {E1517108-9B91-4AF9-8B12-2ADE3E82F90D}
	EndGlobalSection
EndGlobal
